
Microsoft Visual Studio Solution File, Format Version 12.00
# Visual Studio Version 16
VisualStudioVersion = 16.0.31729.503
MinimumVisualStudioVersion = 10.0.40219.1
Project("{FAE04EC0-301F-11D3-BF4B-00C04F79EFBC}") = "UserApi", "UserApi\UserApi.csproj", "{AFAB5BCB-1824-4400-962D-CB5D1724F036}"
EndProject
Project("{FAE04EC0-301F-11D3-BF4B-00C04F79EFBC}") = "UserApi.Core", "UserApi.Core\UserApi.Core.csproj", "{61FCA700-60C4-41FC-BD35-5065FA6ABA1D}"
EndProject
Project("{FAE04EC0-301F-11D3-BF4B-00C04F79EFBC}") = "UserApi.Test", "UserApi.Test\UserApi.Test.csproj", "{BBB75468-A18E-4212-896F-F736CD41979B}"
EndProject
Global
	GlobalSection(SolutionConfigurationPlatforms) = preSolution
		Debug|Any CPU = Debug|Any CPU
		Release|Any CPU = Release|Any CPU
	EndGlobalSection
	GlobalSection(ProjectConfigurationPlatforms) = postSolution
		{AFAB5BCB-1824-4400-962D-CB5D1724F036}.Debug|Any CPU.ActiveCfg = Debug|Any CPU
		{AFAB5BCB-1824-4400-962D-CB5D1724F036}.Debug|Any CPU.Build.0 = Debug|Any CPU
		{AFAB5BCB-1824-4400-962D-CB5D1724F036}.Release|Any CPU.ActiveCfg = Release|Any CPU
		{AFAB5BCB-1824-4400-962D-CB5D1724F036}.Release|Any CPU.Build.0 = Release|Any CPU
		{61FCA700-60C4-41FC-BD35-5065FA6ABA1D}.Debug|Any CPU.ActiveCfg = Debug|Any CPU
		{61FCA700-60C4-41FC-BD35-5065FA6ABA1D}.Debug|Any CPU.Build.0 = Debug|Any CPU
		{61FCA700-60C4-41FC-BD35-5065FA6ABA1D}.Release|Any CPU.ActiveCfg = Release|Any CPU
		{61FCA700-60C4-41FC-BD35-5065FA6ABA1D}.Release|Any CPU.Build.0 = Release|Any CPU
		{BBB75468-A18E-4212-896F-F736CD41979B}.Debug|Any CPU.ActiveCfg = Debug|Any CPU
		{BBB75468-A18E-4212-896F-F736CD41979B}.Debug|Any CPU.Build.0 = Debug|Any CPU
		{BBB75468-A18E-4212-896F-F736CD41979B}.Release|Any CPU.ActiveCfg = Release|Any CPU
		{BBB75468-A18E-4212-896F-F736CD41979B}.Release|Any CPU.Build.0 = Release|Any CPU
	EndGlobalSection
	GlobalSection(SolutionProperties) = preSolution
		HideSolutionNode = FALSE
	EndGlobalSection
	GlobalSection(ExtensibilityGlobals) = postSolution
		SolutionGuid = {F7C5EB3F-2E0F-4353-AD30-336CE7263A32}
	EndGlobalSection
EndGlobal
